
Microsoft Visual Studio Solution File, Format Version 12.00
# Visual Studio Version 17
VisualStudioVersion = 17.14.37027.9 d17.14
MinimumVisualStudioVersion = 10.0.40219.1
Project("{FAE04EC0-301F-11D3-BF4B-00C04F79EFBC}") = "Object Inspector", "Object Inspector\Object Inspector.csproj", "{90DC7B2E-3649-4D8D-B466-D9E7B6AADA84}"
EndProject
Global
	GlobalSection(SolutionConfigurationPlatforms) = preSolution
		Debug|Any CPU = Debug|Any CPU
		Release|Any CPU = Release|Any CPU
	EndGlobalSection
	GlobalSection(ProjectConfigurationPlatforms) = postSolution
		{90DC7B2E-3649-4D8D-B466-D9E7B6AADA84}.Debug|Any CPU.ActiveCfg = Debug|Any CPU
		{90DC7B2E-3649-4D8D-B466-D9E7B6AADA84}.Debug|Any CPU.Build.0 = Debug|Any CPU
		{90DC7B2E-3649-4D8D-B466-D9E7B6AADA84}.Release|Any CPU.ActiveCfg = Release|Any CPU
		{90DC7B2E-3649-4D8D-B466-D9E7B6AADA84}.Release|Any CPU.Build.0 = Release|Any CPU
	EndGlobalSection
	GlobalSection(SolutionProperties) = preSolution
		HideSolutionNode = FALSE
	EndGlobalSection
	GlobalSection(ExtensibilityGlobals) = postSolution
		SolutionGuid = {0C42CBAA-B7EE-4FF5-9CEA-C514F3EC03DE}
	EndGlobalSection
EndGlobal
